github.com/GeoinovaDev/crawlers-resultys v0.0.0-20220822181141-f5482e745199 h1:L/PGPRfL1hklT67gGsP7wBgatmcAe6ZfDJ7Xi8+xal8=
github.com/GeoinovaDev/crawlers-resultys v0.0.0-20220822181141-f5482e745199/go.mod h1:c8bYs3dbmSvdzEmA9tcJGF/KpVQ5KzVhPn69GMwXACk=
github.com/GeoinovaDev/lower-resultys v0.0.0-20220822175405-479495244e0a h1:CCRReEeD/IqcNSuPUREEqYv+NS8mp+rR6uv7aLHPRAo=
github.com/GeoinovaDev/lower-resultys v0.0.0-20220822175405-479495244e0a/go.mod h1:ybL6V+O/5+ddYObPpoZz63jplIq6TZ4alcbbrJ9AI9o=
github.com/GeoinovaDev/models-resultys v0.0.0-20220822180655-d89e7be1bcea h1:9+p/FHbH8+SwCRc7MWSFA23hKPn67xix31eEwahm3po=
github.com/GeoinovaDev/models-resultys v0.0.0-20220822180655-d89e7be1bcea/go.mod h1:dFPEVGsl5xmLoZm42Q66eFW1vqeolBxR39lj3R71c7E=
